
Microsoft Visual Studio Solution File, Format Version 12.00
# Visual Studio Version 16
VisualStudioVersion = 16.0.30320.27
MinimumVisualStudioVersion = 10.0.40219.1
Project("{FAE04EC0-301F-11D3-BF4B-00C04F79EFBC}") = "OpenTk prototype engine", "OpenTk prototype engine.csproj", "{54C45B9E-8010-4A63-969D-43A8E9FF3552}"
EndProject
Global
	GlobalSection(SolutionConfigurationPlatforms) = preSolution
		Debug|Any CPU = Debug|Any CPU
		Release|Any CPU = Release|Any CPU
	EndGlobalSection
	GlobalSection(ProjectConfigurationPlatforms) = postSolution
		{54C45B9E-8010-4A63-969D-43A8E9FF3552}.Debug|Any CPU.ActiveCfg = Debug|Any CPU
		{54C45B9E-8010-4A63-969D-43A8E9FF3552}.Debug|Any CPU.Build.0 = Debug|Any CPU
		{54C45B9E-8010-4A63-969D-43A8E9FF3552}.Release|Any CPU.ActiveCfg = Release|Any CPU
		{54C45B9E-8010-4A63-969D-43A8E9FF3552}.Release|Any CPU.Build.0 = Release|Any CPU
	EndGlobalSection
	GlobalSection(SolutionProperties) = preSolution
		HideSolutionNode = FALSE
	EndGlobalSection
	GlobalSection(ExtensibilityGlobals) = postSolution
		SolutionGuid = {A433E7DF-EAE5-4216-8A68-34AD58E94A04}
	EndGlobalSection
EndGlobal
